
Microsoft Visual Studio Solution File, Format Version 12.00
# Visual Studio Version 17
VisualStudioVersion = 17.6.33620.401
MinimumVisualStudioVersion = 10.0.40219.1
Project("{FAE04EC0-301F-11D3-BF4B-00C04F79EFBC}") = "WeatherApiOne", "WeatherApiOne\WeatherApiOne.csproj", "{D338FA5A-F539-4694-9D8A-3A842BB024C0}"
EndProject
Project("{FAE04EC0-301F-11D3-BF4B-00C04F79EFBC}") = "WeatherApiTwo", "WeatherApiTwo\WeatherApiTwo.csproj", "{9BAC3AE6-8D9A-4A55-AD79-07C95A8C5A58}"
EndProject
Project("{FAE04EC0-301F-11D3-BF4B-00C04F79EFBC}") = "WeatherApiShared", "WeatherApiShared\WeatherApiShared.csproj", "{FDC36C6C-0E86-46E5-BA4A-2205B495C933}"
EndProject
Project("{2150E333-8FDC-42A3-9474-1A3956D46DE8}") = "Solution Items", "Solution Items", "{B372B5EA-EFF8-4774-AB42-4E66E8D2BAAE}"
	ProjectSection(SolutionItems) = preProject
		azure-pipelines.yml = azure-pipelines.yml
	EndProjectSection
EndProject
Global
	GlobalSection(SolutionConfigurationPlatforms) = preSolution
		Debug|Any CPU = Debug|Any CPU
		Release|Any CPU = Release|Any CPU
	EndGlobalSection
	GlobalSection(ProjectConfigurationPlatforms) = postSolution
		{D338FA5A-F539-4694-9D8A-3A842BB024C0}.Debug|Any CPU.ActiveCfg = Debug|Any CPU
		{D338FA5A-F539-4694-9D8A-3A842BB024C0}.Debug|Any CPU.Build.0 = Debug|Any CPU
		{D338FA5A-F539-4694-9D8A-3A842BB024C0}.Release|Any CPU.ActiveCfg = Release|Any CPU
		{D338FA5A-F539-4694-9D8A-3A842BB024C0}.Release|Any CPU.Build.0 = Release|Any CPU
		{9BAC3AE6-8D9A-4A55-AD79-07C95A8C5A58}.Debug|Any CPU.ActiveCfg = Debug|Any CPU
		{9BAC3AE6-8D9A-4A55-AD79-07C95A8C5A58}.Debug|Any CPU.Build.0 = Debug|Any CPU
		{9BAC3AE6-8D9A-4A55-AD79-07C95A8C5A58}.Release|Any CPU.ActiveCfg = Release|Any CPU
		{9BAC3AE6-8D9A-4A55-AD79-07C95A8C5A58}.Release|Any CPU.Build.0 = Release|Any CPU
		{FDC36C6C-0E86-46E5-BA4A-2205B495C933}.Debug|Any CPU.ActiveCfg = Debug|Any CPU
		{FDC36C6C-0E86-46E5-BA4A-2205B495C933}.Debug|Any CPU.Build.0 = Debug|Any CPU
		{FDC36C6C-0E86-46E5-BA4A-2205B495C933}.Release|Any CPU.ActiveCfg = Release|Any CPU
		{FDC36C6C-0E86-46E5-BA4A-2205B495C933}.Release|Any CPU.Build.0 = Release|Any CPU
	EndGlobalSection
	GlobalSection(SolutionProperties) = preSolution
		HideSolutionNode = FALSE
	EndGlobalSection
	GlobalSection(ExtensibilityGlobals) = postSolution
		SolutionGuid = {B6F30120-AC3D-4EFE-A027-1AC6F899ED88}
	EndGlobalSection
EndGlobal
